
Microsoft Visual Studio Solution File, Format Version 12.00
# Visual Studio Version 17
VisualStudioVersion = 17.0.31903.59
MinimumVisualStudioVersion = 10.0.40219.1
Project("{2150E333-8FDC-42A3-9474-1A3956D46DE8}") = "src", "src", "{69E51D03-9D30-4E64-9046-3AA1266293E9}"
EndProject
Project("{FAE04EC0-301F-11D3-BF4B-00C04F79EFBC}") = "OPBlocks.Core", "src\OPBlocks.Core\OPBlocks.Core.csproj", "{605A53E2-4720-42A0-A0AB-D912300AB306}"
EndProject
Project("{FAE04EC0-301F-11D3-BF4B-00C04F79EFBC}") = "OPBlocks.Demo", "src\OPBlocks.Demo\OPBlocks.Demo.csproj", "{C082442F-AA40-4EFF-90A9-18F47C9E6E5F}"
EndProject
Project("{2150E333-8FDC-42A3-9474-1A3956D46DE8}") = "tests", "tests", "{764260FE-9A1C-4361-84DF-1339C4AFA465}"
EndProject
Project("{FAE04EC0-301F-11D3-BF4B-00C04F79EFBC}") = "UnitTests", "tests\UnitTests\UnitTests.csproj", "{DB2251FA-9DD6-4B60-B4DA-035D79351E3E}"
EndProject
Project("{FAE04EC0-301F-11D3-BF4B-00C04F79EFBC}") = "OPBlocksManager", "src\OPBlocksManager\OPBlocksManager.csproj", "{61A410B8-22FF-48C8-911C-1C014B1122C2}"
EndProject
Project("{FAE04EC0-301F-11D3-BF4B-00C04F79EFBC}") = "OPBlocks.Desalination", "src\OPBlocks.Desalination\OPBlocks.Desalination.csproj", "{64060147-C594-434B-89CE-586EF3BA3C42}"
EndProject
Project("{FAE04EC0-301F-11D3-BF4B-00C04F79EFBC}") = "OPBlocks.Electro", "src\OPBlocks.Electro\OPBlocks.Electro.csproj", "{235C4BF2-BEBA-41EA-99EF-BC739B591A31}"
EndProject
Project("{FAE04EC0-301F-11D3-BF4B-00C04F79EFBC}") = "OPBlocks.Lithium", "src\OPBlocks.Lithium\OPBlocks.Lithium.csproj", "{12316CD9-2B96-44BA-8956-418F9AD507B3}"
EndProject
Project("{FAE04EC0-301F-11D3-BF4B-00C04F79EFBC}") = "OPBlocks.Energy", "src\OPBlocks.Energy\OPBlocks.Energy.csproj", "{4E3696BB-D021-414E-8DD8-BBFC7534ED00}"
EndProject
Project("{FAE04EC0-301F-11D3-BF4B-00C04F79EFBC}") = "OPBlocks.DWSIM", "src\OPBlocks.DWSIM\OPBlocks.DWSIM.csproj", "{D8D50F0F-C127-4C2B-A419-422C4E28CCDA}"
EndProject
Project("{FAE04EC0-301F-11D3-BF4B-00C04F79EFBC}") = "DwsimHostTest", "tests\DwsimHostTest\DwsimHostTest.csproj", "{0B72C152-DC7D-4FF9-A1A2-57A4E5E5AF0A}"
EndProject
Global
	GlobalSection(SolutionConfigurationPlatforms) = preSolution
		Debug|Any CPU = Debug|Any CPU
		Release|Any CPU = Release|Any CPU
	EndGlobalSection
	GlobalSection(SolutionProperties) = preSolution
		HideSolutionNode = FALSE
	EndGlobalSection
	GlobalSection(ProjectConfigurationPlatforms) = postSolution
		{605A53E2-4720-42A0-A0AB-D912300AB306}.Debug|Any CPU.ActiveCfg = Debug|Any CPU
		{605A53E2-4720-42A0-A0AB-D912300AB306}.Debug|Any CPU.Build.0 = Debug|Any CPU
		{605A53E2-4720-42A0-A0AB-D912300AB306}.Release|Any CPU.ActiveCfg = Release|Any CPU
		{605A53E2-4720-42A0-A0AB-D912300AB306}.Release|Any CPU.Build.0 = Release|Any CPU
		{C082442F-AA40-4EFF-90A9-18F47C9E6E5F}.Debug|Any CPU.ActiveCfg = Debug|Any CPU
		{C082442F-AA40-4EFF-90A9-18F47C9E6E5F}.Debug|Any CPU.Build.0 = Debug|Any CPU
		{C082442F-AA40-4EFF-90A9-18F47C9E6E5F}.Release|Any CPU.ActiveCfg = Release|Any CPU
		{C082442F-AA40-4EFF-90A9-18F47C9E6E5F}.Release|Any CPU.Build.0 = Release|Any CPU
		{DB2251FA-9DD6-4B60-B4DA-035D79351E3E}.Debug|Any CPU.ActiveCfg = Debug|Any CPU
		{DB2251FA-9DD6-4B60-B4DA-035D79351E3E}.Debug|Any CPU.Build.0 = Debug|Any CPU
		{DB2251FA-9DD6-4B60-B4DA-035D79351E3E}.Release|Any CPU.ActiveCfg = Release|Any CPU
		{DB2251FA-9DD6-4B60-B4DA-035D79351E3E}.Release|Any CPU.Build.0 = Release|Any CPU
		{61A410B8-22FF-48C8-911C-1C014B1122C2}.Debug|Any CPU.ActiveCfg = Debug|Any CPU
		{61A410B8-22FF-48C8-911C-1C014B1122C2}.Debug|Any CPU.Build.0 = Debug|Any CPU
		{61A410B8-22FF-48C8-911C-1C014B1122C2}.Release|Any CPU.ActiveCfg = Release|Any CPU
		{61A410B8-22FF-48C8-911C-1C014B1122C2}.Release|Any CPU.Build.0 = Release|Any CPU
		{64060147-C594-434B-89CE-586EF3BA3C42}.Debug|Any CPU.ActiveCfg = Debug|Any CPU
		{64060147-C594-434B-89CE-586EF3BA3C42}.Debug|Any CPU.Build.0 = Debug|Any CPU
		{64060147-C594-434B-89CE-586EF3BA3C42}.Release|Any CPU.ActiveCfg = Release|Any CPU
		{64060147-C594-434B-89CE-586EF3BA3C42}.Release|Any CPU.Build.0 = Release|Any CPU
		{235C4BF2-BEBA-41EA-99EF-BC739B591A31}.Debug|Any CPU.ActiveCfg = Debug|Any CPU
		{235C4BF2-BEBA-41EA-99EF-BC739B591A31}.Debug|Any CPU.Build.0 = Debug|Any CPU
		{235C4BF2-BEBA-41EA-99EF-BC739B591A31}.Release|Any CPU.ActiveCfg = Release|Any CPU
		{235C4BF2-BEBA-41EA-99EF-BC739B591A31}.Release|Any CPU.Build.0 = Release|Any CPU
		{12316CD9-2B96-44BA-8956-418F9AD507B3}.Debug|Any CPU.ActiveCfg = Debug|Any CPU
		{12316CD9-2B96-44BA-8956-418F9AD507B3}.Debug|Any CPU.Build.0 = Debug|Any CPU
		{12316CD9-2B96-44BA-8956-418F9AD507B3}.Release|Any CPU.ActiveCfg = Release|Any CPU
		{12316CD9-2B96-44BA-8956-418F9AD507B3}.Release|Any CPU.Build.0 = Release|Any CPU
		{4E3696BB-D021-414E-8DD8-BBFC7534ED00}.Debug|Any CPU.ActiveCfg = Debug|Any CPU
		{4E3696BB-D021-414E-8DD8-BBFC7534ED00}.Debug|Any CPU.Build.0 = Debug|Any CPU
		{4E3696BB-D021-414E-8DD8-BBFC7534ED00}.Release|Any CPU.ActiveCfg = Release|Any CPU
		{4E3696BB-D021-414E-8DD8-BBFC7534ED00}.Release|Any CPU.Build.0 = Release|Any CPU
		{D8D50F0F-C127-4C2B-A419-422C4E28CCDA}.Debug|Any CPU.ActiveCfg = Debug|Any CPU
		{D8D50F0F-C127-4C2B-A419-422C4E28CCDA}.Debug|Any CPU.Build.0 = Debug|Any CPU
		{D8D50F0F-C127-4C2B-A419-422C4E28CCDA}.Release|Any CPU.ActiveCfg = Release|Any CPU
		{D8D50F0F-C127-4C2B-A419-422C4E28CCDA}.Release|Any CPU.Build.0 = Release|Any CPU
		{0B72C152-DC7D-4FF9-A1A2-57A4E5E5AF0A}.Debug|Any CPU.ActiveCfg = Debug|Any CPU
		{0B72C152-DC7D-4FF9-A1A2-57A4E5E5AF0A}.Debug|Any CPU.Build.0 = Debug|Any CPU
		{0B72C152-DC7D-4FF9-A1A2-57A4E5E5AF0A}.Release|Any CPU.ActiveCfg = Release|Any CPU
		{0B72C152-DC7D-4FF9-A1A2-57A4E5E5AF0A}.Release|Any CPU.Build.0 = Release|Any CPU
	EndGlobalSection
	GlobalSection(NestedProjects) = preSolution
		{605A53E2-4720-42A0-A0AB-D912300AB306} = {69E51D03-9D30-4E64-9046-3AA1266293E9}
		{C082442F-AA40-4EFF-90A9-18F47C9E6E5F} = {69E51D03-9D30-4E64-9046-3AA1266293E9}
		{DB2251FA-9DD6-4B60-B4DA-035D79351E3E} = {764260FE-9A1C-4361-84DF-1339C4AFA465}
		{61A410B8-22FF-48C8-911C-1C014B1122C2} = {69E51D03-9D30-4E64-9046-3AA1266293E9}
		{64060147-C594-434B-89CE-586EF3BA3C42} = {69E51D03-9D30-4E64-9046-3AA1266293E9}
		{235C4BF2-BEBA-41EA-99EF-BC739B591A31} = {69E51D03-9D30-4E64-9046-3AA1266293E9}
		{12316CD9-2B96-44BA-8956-418F9AD507B3} = {69E51D03-9D30-4E64-9046-3AA1266293E9}
		{4E3696BB-D021-414E-8DD8-BBFC7534ED00} = {69E51D03-9D30-4E64-9046-3AA1266293E9}
		{D8D50F0F-C127-4C2B-A419-422C4E28CCDA} = {69E51D03-9D30-4E64-9046-3AA1266293E9}
		{0B72C152-DC7D-4FF9-A1A2-57A4E5E5AF0A} = {764260FE-9A1C-4361-84DF-1339C4AFA465}
	EndGlobalSection
EndGlobal
